
Microsoft Visual Studio Solution File, Format Version 12.00
# Visual Studio Version 17
VisualStudioVersion = 17.0.32014.148
MinimumVisualStudioVersion = 10.0.40219.1
Project("{FAE04EC0-301F-11D3-BF4B-00C04F79EFBC}") = "NEC_Challenge.API", "NEC_Challenge.API\NEC_Challenge.API.csproj", "{420FED44-30CB-4655-9A54-54D63083A240}"
EndProject
Project("{FAE04EC0-301F-11D3-BF4B-00C04F79EFBC}") = "NEC_Challenge.Core", "NEC_Challenge.Core\NEC_Challenge.Core.csproj", "{80B85F35-E65E-43F9-81E5-5A5D923C6964}"
EndProject
Project("{FAE04EC0-301F-11D3-BF4B-00C04F79EFBC}") = "NEC_Challenge.Service", "NEC_Challenge.Service\NEC_Challenge.Service.csproj", "{58EB6D0B-698F-4699-B114-24DAA307B372}"
EndProject
Global
	GlobalSection(SolutionConfigurationPlatforms) = preSolution
		Debug|Any CPU = Debug|Any CPU
		Release|Any CPU = Release|Any CPU
	EndGlobalSection
	GlobalSection(ProjectConfigurationPlatforms) = postSolution
		{420FED44-30CB-4655-9A54-54D63083A240}.Debug|Any CPU.ActiveCfg = Debug|Any CPU
		{420FED44-30CB-4655-9A54-54D63083A240}.Debug|Any CPU.Build.0 = Debug|Any CPU
		{420FED44-30CB-4655-9A54-54D63083A240}.Release|Any CPU.ActiveCfg = Release|Any CPU
		{420FED44-30CB-4655-9A54-54D63083A240}.Release|Any CPU.Build.0 = Release|Any CPU
		{80B85F35-E65E-43F9-81E5-5A5D923C6964}.Debug|Any CPU.ActiveCfg = Debug|Any CPU
		{80B85F35-E65E-43F9-81E5-5A5D923C6964}.Debug|Any CPU.Build.0 = Debug|Any CPU
		{80B85F35-E65E-43F9-81E5-5A5D923C6964}.Release|Any CPU.ActiveCfg = Release|Any CPU
		{80B85F35-E65E-43F9-81E5-5A5D923C6964}.Release|Any CPU.Build.0 = Release|Any CPU
		{58EB6D0B-698F-4699-B114-24DAA307B372}.Debug|Any CPU.ActiveCfg = Debug|Any CPU
		{58EB6D0B-698F-4699-B114-24DAA307B372}.Debug|Any CPU.Build.0 = Debug|Any CPU
		{58EB6D0B-698F-4699-B114-24DAA307B372}.Release|Any CPU.ActiveCfg = Release|Any CPU
		{58EB6D0B-698F-4699-B114-24DAA307B372}.Release|Any CPU.Build.0 = Release|Any CPU
	EndGlobalSection
	GlobalSection(SolutionProperties) = preSolution
		HideSolutionNode = FALSE
	EndGlobalSection
	GlobalSection(ExtensibilityGlobals) = postSolution
		SolutionGuid = {2C3CF33B-DFC2-4FDB-95F2-463E1DB3CDEA}
	EndGlobalSection
EndGlobal
